// !$*UTF8*$!
{
	archiveVersion = 1;
	classes = {
	};
	objectVersion = 46;
	objects = {

/* Begin PBXBuildFile section */
		F667C5271C7CB57500345426 /* Default-568h@2x.png in Resources */ = {isa = PBXBuildFile; fileRef = F667C5261C7CB57500345426 /* Default-568h@2x.png */; };
		F67E21141C77630600CE16A4 /* AppDelegate.swift in Sources */ = {isa = PBXBuildFile; fileRef = F67E21131C77630600CE16A4 /* AppDelegate.swift */; };
		F67E21161C77630600CE16A4 /* ViewController.swift in Sources */ = {isa = PBXBuildFile; fileRef = F67E21151C77630600CE16A4 /* ViewController.swift */; };
		F67E21191C77630600CE16A4 /* Main.storyboard in Resources */ = {isa = PBXBuildFile; fileRef = F67E21171C77630600CE16A4 /* Main.storyboard */; };
		F67E211C1C77630600CE16A4 /* MyISBN3.xcdatamodeld in Sources */ = {isa = PBXBuildFile; fileRef = F67E211A1C77630600CE16A4 /* MyISBN3.xcdatamodeld */; };
		F67E211E1C77630600CE16A4 /* Assets.xcassets in Resources */ = {isa = PBXBuildFile; fileRef = F67E211D1C77630600CE16A4 /* Assets.xcassets */; };
		F67E21211C77630600CE16A4 /* LaunchScreen.storyboard in Resources */ = {isa = PBXBuildFile; fileRef = F67E211F1C77630600CE16A4 /* LaunchScreen.storyboard */; };
		F67E212A1C776A3100CE16A4 /* libros01.png in Resources */ = {isa = PBXBuildFile; fileRef = F67E21291C776A3100CE16A4 /* libros01.png */; };
		F67E212C1C777E8200CE16A4 /* sin_portada.png in Resources */ = {isa = PBXBuildFile; fileRef = F67E212B1C777E8200CE16A4 /* sin_portada.png */; };
		F67E212F1C779C2100CE16A4 /* LibraryController.swift in Sources */ = {isa = PBXBuildFile; fileRef = F67E212E1C779C2100CE16A4 /* LibraryController.swift */; };
/* End PBXBuildFile section */

/* Begin PBXFileReference section */
		F667C5261C7CB57500345426 /* Default-568h@2x.png */ = {isa = PBXFileReference; lastKnownFileType = image.png; path = "Default-568h@2x.png"; sourceTree = "<group>"; };
		F67E21101C77630600CE16A4 /* MyISBN3.app */ = {isa = PBXFileReference; explicitFileType = wrapper.application; includeInIndex = 0; path = MyISBN3.app; sourceTree = BUILT_PRODUCTS_DIR; };
		F67E21131C77630600CE16A4 /* AppDelegate.swift */ = {isa = PBXFileReference; lastKnownFileType = sourcecode.swift; path = AppDelegate.swift; sourceTree = "<group>"; };
		F67E21151C77630600CE16A4 /* ViewController.swift */ = {isa = PBXFileReference; lastKnownFileType = sourcecode.swift; path = ViewController.swift; sourceTree = "<group>"; };
		F67E21181C77630600CE16A4 /* Base */ = {isa = PBXFileReference; lastKnownFileType = file.storyboard; name = Base; path = Base.lproj/Main.storyboard; sourceTree = "<group>"; };
		F67E211B1C77630600CE16A4 /* MyISBN3.xcdatamodel */ = {isa = PBXFileReference; lastKnownFileType = wrapper.xcdatamodel; path = MyISBN3.xcdatamodel; sourceTree = "<group>"; };
		F67E211D1C77630600CE16A4 /* Assets.xcassets */ = {isa = PBXFileReference; lastKnownFileType = folder.assetcatalog; path = Assets.xcassets; sourceTree = "<group>"; };
		F67E21201C77630600CE16A4 /* Base */ = {isa = PBXFileReference; lastKnownFileType = file.storyboard; name = Base; path = Base.lproj/LaunchScreen.storyboard; sourceTree = "<group>"; };
		F67E21221C77630600CE16A4 /* Info.plist */ = {isa = PBXFileReference; lastKnownFileType = text.plist.xml; path = Info.plist; sourceTree = "<group>"; };
		F67E21291C776A3100CE16A4 /* libros01.png */ = {isa = PBXFileReference; lastKnownFileType = image.png; path = libros01.png; sourceTree = "<group>"; };
		F67E212B1C777E8200CE16A4 /* sin_portada.png */ = {isa = PBXFileReference; lastKnownFileType = image.png; path = sin_portada.png; sourceTree = "<group>"; };
		F67E212E1C779C2100CE16A4 /* LibraryController.swift */ = {isa = PBXFileReference; fileEncoding = 4; lastKnownFileType = sourcecode.swift; path = LibraryController.swift; sourceTree = "<group>"; };
/* End PBXFileReference section */

/* Begin PBXFrameworksBuildPhase section */
		F67E210D1C77630600CE16A4 /* Frameworks */ = {
			isa = PBXFrameworksBuildPhase;
			buildActionMask = 2147483647;
			files = (
			);
			runOnlyForDeploymentPostprocessing = 0;
		};
/* End PBXFrameworksBuildPhase section */

/* Begin PBXGroup section */
		F67E21071C77630600CE16A4 = {
			isa = PBXGroup;
			children = (
				F667C5261C7CB57500345426 /* Default-568h@2x.png */,
				F67E21121C77630600CE16A4 /* MyISBN3 */,
				F67E21111C77630600CE16A4 /* Products */,
			);
			sourceTree = "<group>";
		};
		F67E21111C77630600CE16A4 /* Products */ = {
			isa = PBXGroup;
			children = (
				F67E21101C77630600CE16A4 /* MyISBN3.app */,
			);
			name = Products;
			sourceTree = "<group>";
		};
		F67E21121C77630600CE16A4 /* MyISBN3 */ = {
			isa = PBXGroup;
			children = (
				F67E212D1C779BF900CE16A4 /* Controlers */,
				F67E21281C776A1B00CE16A4 /* Imagenes */,
				F67E21131C77630600CE16A4 /* AppDelegate.swift */,
				F67E21171C77630600CE16A4 /* Main.storyboard */,
				F67E211D1C77630600CE16A4 /* Assets.xcassets */,
				F67E211F1C77630600CE16A4 /* LaunchScreen.storyboard */,
				F67E21221C77630600CE16A4 /* Info.plist */,
				F67E211A1C77630600CE16A4 /* MyISBN3.xcdatamodeld */,
			);
			path = MyISBN3;
			sourceTree = "<group>";
		};
		F67E21281C776A1B00CE16A4 /* Imagenes */ = {
			isa = PBXGroup;
			children = (
				F67E21291C776A3100CE16A4 /* libros01.png */,
				F67E212B1C777E8200CE16A4 /* sin_portada.png */,
			);
			name = Imagenes;
			sourceTree = "<group>";
		};
		F67E212D1C779BF900CE16A4 /* Controlers */ = {
			isa = PBXGroup;
			children = (
				F67E21151C77630600CE16A4 /* ViewController.swift */,
				F67E212E1C779C2100CE16A4 /* LibraryController.swift */,
			);
			name = Controlers;
			sourceTree = "<group>";
		};
/* End PBXGroup section */

/* Begin PBXNativeTarget section */
		F67E210F1C77630600CE16A4 /* MyISBN3 */ = {
			isa = PBXNativeTarget;
			buildConfigurationList = F67E21251C77630600CE16A4 /* Build configuration list for PBXNativeTarget "MyISBN3" */;
			buildPhases = (
				F67E210C1C77630600CE16A4 /* Sources */,
				F67E210D1C77630600CE16A4 /* Frameworks */,
				F67E210E1C77630600CE16A4 /* Resources */,
			);
			buildRules = (
			);
			dependencies = (
			);
			name = MyISBN3;
			productName = MyISBN3;
			productReference = F67E21101C77630600CE16A4 /* MyISBN3.app */;
			productType = "com.apple.product-type.application";
		};
/* End PBXNativeTarget section */

/* Begin PBXProject section */
		F67E21081C77630600CE16A4 /* Project object */ = {
			isa = PBXProject;
			attributes = {
				LastSwiftUpdateCheck = 0720;
				LastUpgradeCheck = 0720;
				ORGANIZATIONNAME = "León Felipe Guevara Chávez";
				TargetAttributes = {
					F67E210F1C77630600CE16A4 = {
						CreatedOnToolsVersion = 7.2.1;
					};
				};
			};
			buildConfigurationList = F67E210B1C77630600CE16A4 /* Build configuration list for PBXProject "MyISBN3" */;
			compatibilityVersion = "Xcode 3.2";
			developmentRegion = English;
			hasScannedForEncodings = 0;
			knownRegions = (
				en,
				Base,
			);
			mainGroup = F67E21071C77630600CE16A4;
			productRefGroup = F67E21111C77630600CE16A4 /* Products */;
			projectDirPath = "";
			projectRoot = "";
			targets = (
				F67E210F1C77630600CE16A4 /* MyISBN3 */,
			);
		};
/* End PBXProject section */

/* Begin PBXResourcesBuildPhase section */
		F67E210E1C77630600CE16A4 /* Resources */ = {
			isa = PBXResourcesBuildPhase;
			buildActionMask = 2147483647;
			files = (
				F67E21211C77630600CE16A4 /* LaunchScreen.storyboard in Resources */,
				F67E211E1C77630600CE16A4 /* Assets.xcassets in Resources */,
				F67E21191C77630600CE16A4 /* Main.storyboard in Resources */,
				F67E212C1C777E8200CE16A4 /* sin_portada.png in Resources */,
				F67E212A1C776A3100CE16A4 /* libros01.png in Resources */,
				F667C5271C7CB57500345426 /* Default-568h@2x.png in Resources */,
			);
			runOnlyForDeploymentPostprocessing = 0;
		};
/* End PBXResourcesBuildPhase section */

/* Begin PBXSourcesBuildPhase section */
		F67E210C1C77630600CE16A4 /* Sources */ = {
			isa = PBXSourcesBuildPhase;
			buildActionMask = 2147483647;
			files = (
				F67E211C1C77630600CE16A4 /* MyISBN3.xcdatamodeld in Sources */,
				F67E21161C77630600CE16A4 /* ViewController.swift in Sources */,
				F67E21141C77630600CE16A4 /* AppDelegate.swift in Sources */,
				F67E212F1C779C2100CE16A4 /* LibraryController.swift in Sources */,
			);
			runOnlyForDeploymentPostprocessing = 0;
		};
/* End PBXSourcesBuildPhase section */

/* Begin PBXVariantGroup section */
		F67E21171C77630600CE16A4 /* Main.storyboard */ = {
			isa = PBXVariantGroup;
			children = (
				F67E21181C77630600CE16A4 /* Base */,
			);
			name = Main.storyboard;
			sourceTree = "<group>";
		};
		F67E211F1C77630600CE16A4 /* LaunchScreen.storyboard */ = {
			isa = PBXVariantGroup;
			children = (
				F67E21201C77630600CE16A4 /* Base */,
			);
			name = LaunchScreen.storyboard;
			sourceTree = "<group>";
		};
/* End PBXVariantGroup section */

/* Begin XCBuildConfiguration section */
		F67E21231C77630600CE16A4 /* Debug */ = {
			isa = XCBuildConfiguration;
			buildSettings = {
				ALWAYS_SEARCH_USER_PATHS = NO;
				CLANG_CXX_LANGUAGE_STANDARD = "gnu++0x";
				CLANG_CXX_LIBRARY = "libc++";
				CLANG_ENABLE_MODULES = YES;
				CLANG_ENABLE_OBJC_ARC = YES;
				CLANG_WARN_BOOL_CONVERSION = YES;
				CLANG_WARN_CONSTANT_CONVERSION = YES;
				CLANG_WARN_DIRECT_OBJC_ISA_USAGE = YES_ERROR;
				CLANG_WARN_EMPTY_BODY = YES;
				CLANG_WARN_ENUM_CONVERSION = YES;
				CLANG_WARN_INT_CONVERSION = YES;
				CLANG_WARN_OBJC_ROOT_CLASS = YES_ERROR;
				CLANG_WARN_UNREACHABLE_CODE = YES;
				CLANG_WARN__DUPLICATE_METHOD_MATCH = YES;
				"CODE_SIGN_IDENTITY[sdk=iphoneos*]" = "iPhone Developer";
				COPY_PHASE_STRIP = NO;
				DEBUG_INFORMATION_FORMAT = dwarf;
				ENABLE_STRICT_OBJC_MSGSEND = YES;
				ENABLE_TESTABILITY = YES;
				GCC_C_LANGUAGE_STANDARD = gnu99;
				GCC_DYNAMIC_NO_PIC = NO;
				GCC_NO_COMMON_BLOCKS = YES;
				GCC_OPTIMIZATION_LEVEL = 0;
				GCC_PREPROCESSOR_DEFINITIONS = (
					"DEBUG=1",
					"$(inherited)",
				);
				GCC_WARN_64_TO_32_BIT_CONVERSION = YES;
				GCC_WARN_ABOUT_RETURN_TYPE = YES_ERROR;
				GCC_WARN_UNDECLARED_SELECTOR = YES;
				GCC_WARN_UNINITIALIZED_AUTOS = YES_AGGRESSIVE;
				GCC_WARN_UNUSED_FUNCTION = YES;
				GCC_WARN_UNUSED_VARIABLE = YES;
				IPHONEOS_DEPLOYMENT_TARGET = 9.2;
				MTL_ENABLE_DEBUG_INFO = YES;
				ONLY_ACTIVE_ARCH = YES;
				SDKROOT = iphoneos;
				SWIFT_OPTIMIZATION_LEVEL = "-Onone";
			};
			name = Debug;
		};
		F67E21241C77630600CE16A4 /* Release */ = {
			isa = XCBuildConfiguration;
			buildSettings = {
				ALWAYS_SEARCH_USER_PATHS = NO;
				CLANG_CXX_LANGUAGE_STANDARD = "gnu++0x";
				CLANG_CXX_LIBRARY = "libc++";
				CLANG_ENABLE_MODULES = YES;
				CLANG_ENABLE_OBJC_ARC = YES;
				CLANG_WARN_BOOL_CONVERSION = YES;
				CLANG_WARN_CONSTANT_CONVERSION = YES;
				CLANG_WARN_DIRECT_OBJC_ISA_USAGE = YES_ERROR;
				CLANG_WARN_EMPTY_BODY = YES;
				CLANG_WARN_ENUM_CONVERSION = YES;
				CLANG_WARN_INT_CONVERSION = YES;
				CLANG_WARN_OBJC_ROOT_CLASS = YES_ERROR;
				CLANG_WARN_UNREACHABLE_CODE = YES;
				CLANG_WARN__DUPLICATE_METHOD_MATCH = YES;
				"CODE_SIGN_IDENTITY[sdk=iphoneos*]" = "iPhone Developer";
				COPY_PHASE_STRIP = NO;
				DEBUG_INFORMATION_FORMAT = "dwarf-with-dsym";
				ENABLE_NS_ASSERTIONS = NO;
				ENABLE_STRICT_OBJC_MSGSEND = YES;
				GCC_C_LANGUAGE_STANDARD = gnu99;
				GCC_NO_COMMON_BLOCKS = YES;
				GCC_WARN_64_TO_32_BIT_CONVERSION = YES;
				GCC_WARN_ABOUT_RETURN_TYPE = YES_ERROR;
				GCC_WARN_UNDECLARED_SELECTOR = YES;
				GCC_WARN_UNINITIALIZED_AUTOS = YES_AGGRESSIVE;
				GCC_WARN_UNUSED_FUNCTION = YES;
				GCC_WARN_UNUSED_VARIABLE = YES;
				IPHONEOS_DEPLOYMENT_TARGET = 9.2;
				MTL_ENABLE_DEBUG_INFO = NO;
				SDKROOT = iphoneos;
				VALIDATE_PRODUCT = YES;
			};
			name = Release;
		};
		F67E21261C77630600CE16A4 /* Debug */ = {
			isa = XCBuildConfiguration;
			buildSettings = {
				ASSETCATALOG_COMPILER_APPICON_NAME = AppIcon;
				INFOPLIST_FILE = MyISBN3/Info.plist;
				LD_RUNPATH_SEARCH_PATHS = "$(inherited) @executable_path/Frameworks";
				PRODUCT_BUNDLE_IDENTIFIER = com.leonguevara.MyISBN3;
				PRODUCT_NAME = "$(TARGET_NAME)";
			};
			name = Debug;
		};
		F67E21271C77630600CE16A4 /* Release */ = {
			isa = XCBuildConfiguration;
			buildSettings = {
				ASSETCATALOG_COMPILER_APPICON_NAME = AppIcon;
				INFOPLIST_FILE = MyISBN3/Info.plist;
				LD_RUNPATH_SEARCH_PATHS = "$(inherited) @executable_path/Frameworks";
				PRODUCT_BUNDLE_IDENTIFIER = com.leonguevara.MyISBN3;
				PRODUCT_NAME = "$(TARGET_NAME)";
			};
			name = Release;
		};
/* End XCBuildConfiguration section */

/* Begin XCConfigurationList section */
		F67E210B1C77630600CE16A4 /* Build configuration list for PBXProject "MyISBN3" */ = {
			isa = XCConfigurationList;
			buildConfigurations = (
				F67E21231C77630600CE16A4 /* Debug */,
				F67E21241C77630600CE16A4 /* Release */,
			);
			defaultConfigurationIsVisible = 0;
			defaultConfigurationName = Release;
		};
		F67E21251C77630600CE16A4 /* Build configuration list for PBXNativeTarget "MyISBN3" */ = {
			isa = XCConfigurationList;
			buildConfigurations = (
				F67E21261C77630600CE16A4 /* Debug */,
				F67E21271C77630600CE16A4 /* Release */,
			);
			defaultConfigurationIsVisible = 0;
			defaultConfigurationName = Release;
		};
/* End XCConfigurationList section */

/* Begin XCVersionGroup section */
		F67E211A1C77630600CE16A4 /* MyISBN3.xcdatamodeld */ = {
			isa = XCVersionGroup;
			children = (
				F67E211B1C77630600CE16A4 /* MyISBN3.xcdatamodel */,
			);
			currentVersion = F67E211B1C77630600CE16A4 /* MyISBN3.xcdatamodel */;
			path = MyISBN3.xcdatamodeld;
			sourceTree = "<group>";
			versionGroupType = wrapper.xcdatamodel;
		};
/* End XCVersionGroup section */
	};
	rootObject = F67E21081C77630600CE16A4 /* Project object */;
}
